
Microsoft Visual Studio Solution File, Format Version 12.00
# Visual Studio Version 17
VisualStudioVersion = 17.5.33530.505
MinimumVisualStudioVersion = 10.0.40219.1
Project("{FAE04EC0-301F-11D3-BF4B-00C04F79EFBC}") = "DeslocamentoBits", "DeslocamentoBits\DeslocamentoBits.csproj", "{056BEF78-50F4-45D4-892D-13545164E76A}"
EndProject
Global
	GlobalSection(SolutionConfigurationPlatforms) = preSolution
		Debug|Any CPU = Debug|Any CPU
		Release|Any CPU = Release|Any CPU
	EndGlobalSection
	GlobalSection(ProjectConfigurationPlatforms) = postSolution
		{056BEF78-50F4-45D4-892D-13545164E76A}.Debug|Any CPU.ActiveCfg = Debug|Any CPU
		{056BEF78-50F4-45D4-892D-13545164E76A}.Debug|Any CPU.Build.0 = Debug|Any CPU
		{056BEF78-50F4-45D4-892D-13545164E76A}.Release|Any CPU.ActiveCfg = Release|Any CPU
		{056BEF78-50F4-45D4-892D-13545164E76A}.Release|Any CPU.Build.0 = Release|Any CPU
	EndGlobalSection
	GlobalSection(SolutionProperties) = preSolution
		HideSolutionNode = FALSE
	EndGlobalSection
	GlobalSection(ExtensibilityGlobals) = postSolution
		SolutionGuid = {7A6119C1-50A1-437F-A395-1FF687CCB4A9}
	EndGlobalSection
EndGlobal
